
Microsoft Visual Studio Solution File, Format Version 12.00
# Visual Studio Version 17
VisualStudioVersion = 17.8.34408.163
MinimumVisualStudioVersion = 10.0.40219.1
Project("{FAE04EC0-301F-11D3-BF4B-00C04F79EFBC}") = "techconnect", "techconnect.csproj", "{877CC43A-1A2D-4C34-AE86-8BB629814B7F}"
EndProject
Global
	GlobalSection(SolutionConfigurationPlatforms) = preSolution
		Debug|Any CPU = Debug|Any CPU
		Release|Any CPU = Release|Any CPU
	EndGlobalSection
	GlobalSection(ProjectConfigurationPlatforms) = postSolution
		{877CC43A-1A2D-4C34-AE86-8BB629814B7F}.Debug|Any CPU.ActiveCfg = Debug|Any CPU
		{877CC43A-1A2D-4C34-AE86-8BB629814B7F}.Debug|Any CPU.Build.0 = Debug|Any CPU
		{877CC43A-1A2D-4C34-AE86-8BB629814B7F}.Release|Any CPU.ActiveCfg = Release|Any CPU
		{877CC43A-1A2D-4C34-AE86-8BB629814B7F}.Release|Any CPU.Build.0 = Release|Any CPU
	EndGlobalSection
	GlobalSection(SolutionProperties) = preSolution
		HideSolutionNode = FALSE
	EndGlobalSection
	GlobalSection(ExtensibilityGlobals) = postSolution
		SolutionGuid = {CCAB765D-DB08-4E41-8127-ABFB0C25888E}
	EndGlobalSection
EndGlobal
